
Microsoft Visual Studio Solution File, Format Version 12.00
# Visual Studio 15
VisualStudioVersion = 15.0.27428.2027
MinimumVisualStudioVersion = 10.0.40219.1
Project("{FAE04EC0-301F-11D3-BF4B-00C04F79EFBC}") = "1.Raindrops", "1.Raindrops\1.Raindrops.csproj", "{A208EBC2-AABC-41F4-A837-B4B1BE317E03}"
EndProject
Project("{FAE04EC0-301F-11D3-BF4B-00C04F79EFBC}") = "2.Rainer", "2.Rainer\2.Rainer.csproj", "{65BEF17D-5EC8-4AD5-8E85-297394753336}"
EndProject
Project("{FAE04EC0-301F-11D3-BF4B-00C04F79EFBC}") = "3.Raincast", "3.Raincast\3.Raincast.csproj", "{6C440DCD-A08B-4B09-A31C-441F0E2EAB55}"
EndProject
Project("{FAE04EC0-301F-11D3-BF4B-00C04F79EFBC}") = "4.RainAir", "4.RainAir\4.RainAir.csproj", "{BA4B4FC5-2718-44FF-A9EF-72047B5EB82C}"
EndProject
Project("{FAE04EC0-301F-11D3-BF4B-00C04F79EFBC}") = "Exercise", "Exercise\Exercise.csproj", "{50B92F91-CFDC-4F2C-A362-A01D17B5795B}"
EndProject
Global
	GlobalSection(SolutionConfigurationPlatforms) = preSolution
		Debug|Any CPU = Debug|Any CPU
		Release|Any CPU = Release|Any CPU
	EndGlobalSection
	GlobalSection(ProjectConfigurationPlatforms) = postSolution
		{A208EBC2-AABC-41F4-A837-B4B1BE317E03}.Debug|Any CPU.ActiveCfg = Debug|Any CPU
		{A208EBC2-AABC-41F4-A837-B4B1BE317E03}.Debug|Any CPU.Build.0 = Debug|Any CPU
		{A208EBC2-AABC-41F4-A837-B4B1BE317E03}.Release|Any CPU.ActiveCfg = Release|Any CPU
		{A208EBC2-AABC-41F4-A837-B4B1BE317E03}.Release|Any CPU.Build.0 = Release|Any CPU
		{65BEF17D-5EC8-4AD5-8E85-297394753336}.Debug|Any CPU.ActiveCfg = Debug|Any CPU
		{65BEF17D-5EC8-4AD5-8E85-297394753336}.Debug|Any CPU.Build.0 = Debug|Any CPU
		{65BEF17D-5EC8-4AD5-8E85-297394753336}.Release|Any CPU.ActiveCfg = Release|Any CPU
		{65BEF17D-5EC8-4AD5-8E85-297394753336}.Release|Any CPU.Build.0 = Release|Any CPU
		{6C440DCD-A08B-4B09-A31C-441F0E2EAB55}.Debug|Any CPU.ActiveCfg = Debug|Any CPU
		{6C440DCD-A08B-4B09-A31C-441F0E2EAB55}.Debug|Any CPU.Build.0 = Debug|Any CPU
		{6C440DCD-A08B-4B09-A31C-441F0E2EAB55}.Release|Any CPU.ActiveCfg = Release|Any CPU
		{6C440DCD-A08B-4B09-A31C-441F0E2EAB55}.Release|Any CPU.Build.0 = Release|Any CPU
		{BA4B4FC5-2718-44FF-A9EF-72047B5EB82C}.Debug|Any CPU.ActiveCfg = Debug|Any CPU
		{BA4B4FC5-2718-44FF-A9EF-72047B5EB82C}.Debug|Any CPU.Build.0 = Debug|Any CPU
		{BA4B4FC5-2718-44FF-A9EF-72047B5EB82C}.Release|Any CPU.ActiveCfg = Release|Any CPU
		{BA4B4FC5-2718-44FF-A9EF-72047B5EB82C}.Release|Any CPU.Build.0 = Release|Any CPU
		{50B92F91-CFDC-4F2C-A362-A01D17B5795B}.Debug|Any CPU.ActiveCfg = Debug|Any CPU
		{50B92F91-CFDC-4F2C-A362-A01D17B5795B}.Debug|Any CPU.Build.0 = Debug|Any CPU
		{50B92F91-CFDC-4F2C-A362-A01D17B5795B}.Release|Any CPU.ActiveCfg = Release|Any CPU
		{50B92F91-CFDC-4F2C-A362-A01D17B5795B}.Release|Any CPU.Build.0 = Release|Any CPU
	EndGlobalSection
	GlobalSection(SolutionProperties) = preSolution
		HideSolutionNode = FALSE
	EndGlobalSection
	GlobalSection(ExtensibilityGlobals) = postSolution
		SolutionGuid = {BFBB86C1-6D22-4AA4-8491-474E4BCA23EB}
	EndGlobalSection
EndGlobal
