
Microsoft Visual Studio Solution File, Format Version 12.00
# Visual Studio 15
VisualStudioVersion = 15.0.27428.2027
MinimumVisualStudioVersion = 10.0.40219.1
Project("{FAE04EC0-301F-11D3-BF4B-00C04F79EFBC}") = "1.Resurrection", "1.Resurrection\1.Resurrection.csproj", "{BA60CB67-FB8B-4655-AEC8-5A3E65C31979}"
EndProject
Project("{FAE04EC0-301F-11D3-BF4B-00C04F79EFBC}") = "2.Icarus", "2.Icarus\2.Icarus.csproj", "{B5D2EB8A-A820-4DE9-B6D7-CE24529B51F9}"
EndProject
Project("{FAE04EC0-301F-11D3-BF4B-00C04F79EFBC}") = "3.PhoenixGrid", "3.PhoenixGrid\3.PhoenixGrid.csproj", "{9C64035D-3E44-4C01-AC6D-E7756CD3E79C}"
EndProject
Project("{FAE04EC0-301F-11D3-BF4B-00C04F79EFBC}") = "4.PhoenixOscarRomeoNovember", "4.PhoenixOscarRomeoNovember\4.PhoenixOscarRomeoNovember.csproj", "{0C999E14-0F4F-4C25-9109-6926290380F9}"
EndProject
Project("{FAE04EC0-301F-11D3-BF4B-00C04F79EFBC}") = "Exercise", "Exercise\Exercise.csproj", "{BA204287-F34F-4F4C-BDC1-25CCAFF56FC9}"
EndProject
Global
	GlobalSection(SolutionConfigurationPlatforms) = preSolution
		Debug|Any CPU = Debug|Any CPU
		Release|Any CPU = Release|Any CPU
	EndGlobalSection
	GlobalSection(ProjectConfigurationPlatforms) = postSolution
		{BA60CB67-FB8B-4655-AEC8-5A3E65C31979}.Debug|Any CPU.ActiveCfg = Debug|Any CPU
		{BA60CB67-FB8B-4655-AEC8-5A3E65C31979}.Debug|Any CPU.Build.0 = Debug|Any CPU
		{BA60CB67-FB8B-4655-AEC8-5A3E65C31979}.Release|Any CPU.ActiveCfg = Release|Any CPU
		{BA60CB67-FB8B-4655-AEC8-5A3E65C31979}.Release|Any CPU.Build.0 = Release|Any CPU
		{B5D2EB8A-A820-4DE9-B6D7-CE24529B51F9}.Debug|Any CPU.ActiveCfg = Debug|Any CPU
		{B5D2EB8A-A820-4DE9-B6D7-CE24529B51F9}.Debug|Any CPU.Build.0 = Debug|Any CPU
		{B5D2EB8A-A820-4DE9-B6D7-CE24529B51F9}.Release|Any CPU.ActiveCfg = Release|Any CPU
		{B5D2EB8A-A820-4DE9-B6D7-CE24529B51F9}.Release|Any CPU.Build.0 = Release|Any CPU
		{9C64035D-3E44-4C01-AC6D-E7756CD3E79C}.Debug|Any CPU.ActiveCfg = Debug|Any CPU
		{9C64035D-3E44-4C01-AC6D-E7756CD3E79C}.Debug|Any CPU.Build.0 = Debug|Any CPU
		{9C64035D-3E44-4C01-AC6D-E7756CD3E79C}.Release|Any CPU.ActiveCfg = Release|Any CPU
		{9C64035D-3E44-4C01-AC6D-E7756CD3E79C}.Release|Any CPU.Build.0 = Release|Any CPU
		{0C999E14-0F4F-4C25-9109-6926290380F9}.Debug|Any CPU.ActiveCfg = Debug|Any CPU
		{0C999E14-0F4F-4C25-9109-6926290380F9}.Debug|Any CPU.Build.0 = Debug|Any CPU
		{0C999E14-0F4F-4C25-9109-6926290380F9}.Release|Any CPU.ActiveCfg = Release|Any CPU
		{0C999E14-0F4F-4C25-9109-6926290380F9}.Release|Any CPU.Build.0 = Release|Any CPU
		{BA204287-F34F-4F4C-BDC1-25CCAFF56FC9}.Debug|Any CPU.ActiveCfg = Debug|Any CPU
		{BA204287-F34F-4F4C-BDC1-25CCAFF56FC9}.Debug|Any CPU.Build.0 = Debug|Any CPU
		{BA204287-F34F-4F4C-BDC1-25CCAFF56FC9}.Release|Any CPU.ActiveCfg = Release|Any CPU
		{BA204287-F34F-4F4C-BDC1-25CCAFF56FC9}.Release|Any CPU.Build.0 = Release|Any CPU
	EndGlobalSection
	GlobalSection(SolutionProperties) = preSolution
		HideSolutionNode = FALSE
	EndGlobalSection
	GlobalSection(ExtensibilityGlobals) = postSolution
		SolutionGuid = {1468312C-A408-4D92-B91E-3E5EF1D0E855}
	EndGlobalSection
EndGlobal
