
Microsoft Visual Studio Solution File, Format Version 12.00
# Visual Studio 15
VisualStudioVersion = 15.0.26730.16
MinimumVisualStudioVersion = 10.0.40219.1
Project("{FAE04EC0-301F-11D3-BF4B-00C04F79EFBC}") = "Passed", "Passed\Passed.csproj", "{935C58EF-BEAE-4700-87FB-860699618DF0}"
EndProject
Project("{FAE04EC0-301F-11D3-BF4B-00C04F79EFBC}") = "Passed or Failed", "Passed or Failed\Passed or Failed.csproj", "{23715A3D-5331-453D-AC1B-D82AA1173A4D}"
EndProject
Project("{FAE04EC0-301F-11D3-BF4B-00C04F79EFBC}") = "Back in 30 Minutes", "Back in 30 Minutes\Back in 30 Minutes.csproj", "{C9BC5217-F113-45AC-BAD3-0AC57EA76FD8}"
EndProject
Project("{FAE04EC0-301F-11D3-BF4B-00C04F79EFBC}") = "Month Printer", "Month Printer\Month Printer.csproj", "{B8EE5E50-F093-4A9E-AD14-F90ABD069FE6}"
EndProject
Project("{FAE04EC0-301F-11D3-BF4B-00C04F79EFBC}") = "Foreign Languages", "Foreign Languages\Foreign Languages.csproj", "{F6EC95F6-8E7A-4182-9ECD-2F4666533F99}"
EndProject
Project("{FAE04EC0-301F-11D3-BF4B-00C04F79EFBC}") = "Theatre Promotions", "Theatre Promotions\Theatre Promotions.csproj", "{4FD1FF0B-50D7-4751-B2E0-27BE47E08B4C}"
EndProject
Project("{FAE04EC0-301F-11D3-BF4B-00C04F79EFBC}") = "Divisible by 3", "Divisible by 3\Divisible by 3.csproj", "{0A9C0AC4-487A-4B7E-9C41-D6DD2A33A069}"
EndProject
Project("{FAE04EC0-301F-11D3-BF4B-00C04F79EFBC}") = "Sum of Odd Numbers", "Sum of Odd Numbers\Sum of Odd Numbers.csproj", "{EEEB8CB9-D732-4C95-B676-D00840ED0039}"
EndProject
Project("{FAE04EC0-301F-11D3-BF4B-00C04F79EFBC}") = "Multiplication Table", "Multiplication Table\Multiplication Table.csproj", "{E7CECBDC-5E41-4DD2-89FA-CB7B2183F327}"
EndProject
Project("{FAE04EC0-301F-11D3-BF4B-00C04F79EFBC}") = "Multiplication Table 2.0", "Multiplication Table 2.0\Multiplication Table 2.0.csproj", "{56CBC114-7831-411F-9DF4-EE99F7D930ED}"
EndProject
Project("{FAE04EC0-301F-11D3-BF4B-00C04F79EFBC}") = "Odd Number", "Odd Number\Odd Number.csproj", "{BA49C8EF-1053-4A0F-8174-F3BA3CC45431}"
EndProject
Project("{FAE04EC0-301F-11D3-BF4B-00C04F79EFBC}") = "Number checker", "Number checker\Number checker.csproj", "{41FB2514-D976-4888-B292-F5A47CFC248B}"
EndProject
Project("{FAE04EC0-301F-11D3-BF4B-00C04F79EFBC}") = "X", "X\X.csproj", "{996DC219-61BF-4B4A-888E-0CD0FB4A65BB}"
EndProject
Project("{FAE04EC0-301F-11D3-BF4B-00C04F79EFBC}") = "Vapor Store", "Vapor Store\Vapor Store.csproj", "{EB4F0D9F-2E3D-4A09-ADB9-D49CDFFF2133}"
EndProject
Project("{FAE04EC0-301F-11D3-BF4B-00C04F79EFBC}") = "Megapixels", "Megapixels\Megapixels.csproj", "{332584AF-C4FB-4257-85AB-0E9D46E9D1E1}"
EndProject
Project("{FAE04EC0-301F-11D3-BF4B-00C04F79EFBC}") = "Photo Gallery", "Photo Gallery\Photo Gallery.csproj", "{1719CFBA-ECD2-415D-B081-6C492EC867CC}"
EndProject
Project("{FAE04EC0-301F-11D3-BF4B-00C04F79EFBC}") = "BPM Counter", "BPM Counter\BPM Counter.csproj", "{ADEEF266-7CBC-4C37-8AE6-7158EDCB1F7C}"
EndProject
Project("{FAE04EC0-301F-11D3-BF4B-00C04F79EFBC}") = "DNA Sequences", "DNA Sequences\DNA Sequences.csproj", "{0D3468B2-59FF-4A94-A027-0D74CFD4F2E4}"
EndProject
Project("{FAE04EC0-301F-11D3-BF4B-00C04F79EFBC}") = "Training Hall Equipment", "Training Hall Equipment\Training Hall Equipment.csproj", "{5C637455-664E-4DFE-96EB-829EBFF5B3F3}"
EndProject
Project("{FAE04EC0-301F-11D3-BF4B-00C04F79EFBC}") = "SMS Typing", "SMS Typing\SMS Typing.csproj", "{FE9281CC-BF0D-4447-A458-53F1EA4D4F35}"
EndProject
Project("{FAE04EC0-301F-11D3-BF4B-00C04F79EFBC}") = "ChooseADrink", "ChooseADrink\ChooseADrink.csproj", "{6505F79D-D42B-4755-8E9A-F5384FC74E37}"
EndProject
Project("{FAE04EC0-301F-11D3-BF4B-00C04F79EFBC}") = "ChooseADrink2.0", "ChooseADrink2.0\ChooseADrink2.0.csproj", "{988688B6-7EB7-42B9-9C36-CC6F44CF34CC}"
EndProject
Project("{FAE04EC0-301F-11D3-BF4B-00C04F79EFBC}") = "RestaurantDiscount", "RestaurantDiscount\RestaurantDiscount.csproj", "{7F9AE2E8-F275-4935-861F-D81AD0D02F9F}"
EndProject
Project("{FAE04EC0-301F-11D3-BF4B-00C04F79EFBC}") = "Hotel", "Hotel\Hotel.csproj", "{57B4D6D8-9BB2-4713-A093-3887EB1F4F88}"
EndProject
Project("{FAE04EC0-301F-11D3-BF4B-00C04F79EFBC}") = "WordInPlural", "WordInPlural\WordInPlural.csproj", "{C7246A18-C7B2-4DDA-9076-FFC485B4410D}"
EndProject
Project("{FAE04EC0-301F-11D3-BF4B-00C04F79EFBC}") = "IntervalOfNumbers", "IntervalOfNumbers\IntervalOfNumbers.csproj", "{CAED2E74-7F68-4C9C-AA96-A9C8B6DEE161}"
EndProject
Project("{FAE04EC0-301F-11D3-BF4B-00C04F79EFBC}") = "CakeIngredients", "CakeIngredients\CakeIngredients.csproj", "{69A30C0F-8B9C-4890-92AB-8445CA4380E9}"
EndProject
Project("{FAE04EC0-301F-11D3-BF4B-00C04F79EFBC}") = "CaloriesCounter", "CaloriesCounter\CaloriesCounter.csproj", "{16CBA88B-046D-46B5-B08D-DFD17B005064}"
EndProject
Project("{FAE04EC0-301F-11D3-BF4B-00C04F79EFBC}") = "CountTheIntegers", "CountTheIntegers\CountTheIntegers.csproj", "{385A0EAC-7740-4391-A922-16DD268CFDFA}"
EndProject
Project("{FAE04EC0-301F-11D3-BF4B-00C04F79EFBC}") = "TriangleOfNumbers", "TriangleOfNumbers\TriangleOfNumbers.csproj", "{42103BD5-0BE0-4B2A-9E15-55D0F812418F}"
EndProject
Project("{FAE04EC0-301F-11D3-BF4B-00C04F79EFBC}") = "5DifferentNumbers", "5DifferentNumbers\5DifferentNumbers.csproj", "{3AFA771B-74C3-472C-BCC2-85CF2F842CD7}"
EndProject
Project("{FAE04EC0-301F-11D3-BF4B-00C04F79EFBC}") = "TestNumbers", "TestNumbers\TestNumbers.csproj", "{52AED47F-83B3-4F4E-9840-AB5AAA9351CE}"
EndProject
Project("{FAE04EC0-301F-11D3-BF4B-00C04F79EFBC}") = "GameOfNumbers", "GameOfNumbers\GameOfNumbers.csproj", "{80DF93DF-A83C-4B19-B27D-31AE69814370}"
EndProject
Project("{FAE04EC0-301F-11D3-BF4B-00C04F79EFBC}") = "MagicLetter", "MagicLetter\MagicLetter.csproj", "{F5CF71DB-25CC-465B-B05E-858FDE70A710}"
EndProject
Project("{FAE04EC0-301F-11D3-BF4B-00C04F79EFBC}") = "NeighbourWars", "NeighbourWars\NeighbourWars.csproj", "{47AFDED2-65A8-400A-BBE6-681ADADCC72A}"
EndProject
Project("{FAE04EC0-301F-11D3-BF4B-00C04F79EFBC}") = "Example", "Example\Example.csproj", "{35C201AC-18D0-4E04-BBE7-D40D384FCEDF}"
EndProject
Global
	GlobalSection(SolutionConfigurationPlatforms) = preSolution
		Debug|Any CPU = Debug|Any CPU
		Debug|x64 = Debug|x64
		Debug|x86 = Debug|x86
		Release|Any CPU = Release|Any CPU
		Release|x64 = Release|x64
		Release|x86 = Release|x86
	EndGlobalSection
	GlobalSection(ProjectConfigurationPlatforms) = postSolution
		{935C58EF-BEAE-4700-87FB-860699618DF0}.Debug|Any CPU.ActiveCfg = Debug|Any CPU
		{935C58EF-BEAE-4700-87FB-860699618DF0}.Debug|Any CPU.Build.0 = Debug|Any CPU
		{935C58EF-BEAE-4700-87FB-860699618DF0}.Debug|x64.ActiveCfg = Debug|Any CPU
		{935C58EF-BEAE-4700-87FB-860699618DF0}.Debug|x64.Build.0 = Debug|Any CPU
		{935C58EF-BEAE-4700-87FB-860699618DF0}.Debug|x86.ActiveCfg = Debug|Any CPU
		{935C58EF-BEAE-4700-87FB-860699618DF0}.Debug|x86.Build.0 = Debug|Any CPU
		{935C58EF-BEAE-4700-87FB-860699618DF0}.Release|Any CPU.ActiveCfg = Release|Any CPU
		{935C58EF-BEAE-4700-87FB-860699618DF0}.Release|Any CPU.Build.0 = Release|Any CPU
		{935C58EF-BEAE-4700-87FB-860699618DF0}.Release|x64.ActiveCfg = Release|Any CPU
		{935C58EF-BEAE-4700-87FB-860699618DF0}.Release|x64.Build.0 = Release|Any CPU
		{935C58EF-BEAE-4700-87FB-860699618DF0}.Release|x86.ActiveCfg = Release|Any CPU
		{935C58EF-BEAE-4700-87FB-860699618DF0}.Release|x86.Build.0 = Release|Any CPU
		{23715A3D-5331-453D-AC1B-D82AA1173A4D}.Debug|Any CPU.ActiveCfg = Debug|Any CPU
		{23715A3D-5331-453D-AC1B-D82AA1173A4D}.Debug|Any CPU.Build.0 = Debug|Any CPU
		{23715A3D-5331-453D-AC1B-D82AA1173A4D}.Debug|x64.ActiveCfg = Debug|Any CPU
		{23715A3D-5331-453D-AC1B-D82AA1173A4D}.Debug|x64.Build.0 = Debug|Any CPU
		{23715A3D-5331-453D-AC1B-D82AA1173A4D}.Debug|x86.ActiveCfg = Debug|Any CPU
		{23715A3D-5331-453D-AC1B-D82AA1173A4D}.Debug|x86.Build.0 = Debug|Any CPU
		{23715A3D-5331-453D-AC1B-D82AA1173A4D}.Release|Any CPU.ActiveCfg = Release|Any CPU
		{23715A3D-5331-453D-AC1B-D82AA1173A4D}.Release|Any CPU.Build.0 = Release|Any CPU
		{23715A3D-5331-453D-AC1B-D82AA1173A4D}.Release|x64.ActiveCfg = Release|Any CPU
		{23715A3D-5331-453D-AC1B-D82AA1173A4D}.Release|x64.Build.0 = Release|Any CPU
		{23715A3D-5331-453D-AC1B-D82AA1173A4D}.Release|x86.ActiveCfg = Release|Any CPU
		{23715A3D-5331-453D-AC1B-D82AA1173A4D}.Release|x86.Build.0 = Release|Any CPU
		{C9BC5217-F113-45AC-BAD3-0AC57EA76FD8}.Debug|Any CPU.ActiveCfg = Debug|Any CPU
		{C9BC5217-F113-45AC-BAD3-0AC57EA76FD8}.Debug|Any CPU.Build.0 = Debug|Any CPU
		{C9BC5217-F113-45AC-BAD3-0AC57EA76FD8}.Debug|x64.ActiveCfg = Debug|Any CPU
		{C9BC5217-F113-45AC-BAD3-0AC57EA76FD8}.Debug|x64.Build.0 = Debug|Any CPU
		{C9BC5217-F113-45AC-BAD3-0AC57EA76FD8}.Debug|x86.ActiveCfg = Debug|Any CPU
		{C9BC5217-F113-45AC-BAD3-0AC57EA76FD8}.Debug|x86.Build.0 = Debug|Any CPU
		{C9BC5217-F113-45AC-BAD3-0AC57EA76FD8}.Release|Any CPU.ActiveCfg = Release|Any CPU
		{C9BC5217-F113-45AC-BAD3-0AC57EA76FD8}.Release|Any CPU.Build.0 = Release|Any CPU
		{C9BC5217-F113-45AC-BAD3-0AC57EA76FD8}.Release|x64.ActiveCfg = Release|Any CPU
		{C9BC5217-F113-45AC-BAD3-0AC57EA76FD8}.Release|x64.Build.0 = Release|Any CPU
		{C9BC5217-F113-45AC-BAD3-0AC57EA76FD8}.Release|x86.ActiveCfg = Release|Any CPU
		{C9BC5217-F113-45AC-BAD3-0AC57EA76FD8}.Release|x86.Build.0 = Release|Any CPU
		{B8EE5E50-F093-4A9E-AD14-F90ABD069FE6}.Debug|Any CPU.ActiveCfg = Debug|Any CPU
		{B8EE5E50-F093-4A9E-AD14-F90ABD069FE6}.Debug|Any CPU.Build.0 = Debug|Any CPU
		{B8EE5E50-F093-4A9E-AD14-F90ABD069FE6}.Debug|x64.ActiveCfg = Debug|Any CPU
		{B8EE5E50-F093-4A9E-AD14-F90ABD069FE6}.Debug|x64.Build.0 = Debug|Any CPU
		{B8EE5E50-F093-4A9E-AD14-F90ABD069FE6}.Debug|x86.ActiveCfg = Debug|Any CPU
		{B8EE5E50-F093-4A9E-AD14-F90ABD069FE6}.Debug|x86.Build.0 = Debug|Any CPU
		{B8EE5E50-F093-4A9E-AD14-F90ABD069FE6}.Release|Any CPU.ActiveCfg = Release|Any CPU
		{B8EE5E50-F093-4A9E-AD14-F90ABD069FE6}.Release|Any CPU.Build.0 = Release|Any CPU
		{B8EE5E50-F093-4A9E-AD14-F90ABD069FE6}.Release|x64.ActiveCfg = Release|Any CPU
		{B8EE5E50-F093-4A9E-AD14-F90ABD069FE6}.Release|x64.Build.0 = Release|Any CPU
		{B8EE5E50-F093-4A9E-AD14-F90ABD069FE6}.Release|x86.ActiveCfg = Release|Any CPU
		{B8EE5E50-F093-4A9E-AD14-F90ABD069FE6}.Release|x86.Build.0 = Release|Any CPU
		{F6EC95F6-8E7A-4182-9ECD-2F4666533F99}.Debug|Any CPU.ActiveCfg = Debug|Any CPU
		{F6EC95F6-8E7A-4182-9ECD-2F4666533F99}.Debug|Any CPU.Build.0 = Debug|Any CPU
		{F6EC95F6-8E7A-4182-9ECD-2F4666533F99}.Debug|x64.ActiveCfg = Debug|Any CPU
		{F6EC95F6-8E7A-4182-9ECD-2F4666533F99}.Debug|x64.Build.0 = Debug|Any CPU
		{F6EC95F6-8E7A-4182-9ECD-2F4666533F99}.Debug|x86.ActiveCfg = Debug|Any CPU
		{F6EC95F6-8E7A-4182-9ECD-2F4666533F99}.Debug|x86.Build.0 = Debug|Any CPU
		{F6EC95F6-8E7A-4182-9ECD-2F4666533F99}.Release|Any CPU.ActiveCfg = Release|Any CPU
		{F6EC95F6-8E7A-4182-9ECD-2F4666533F99}.Release|Any CPU.Build.0 = Release|Any CPU
		{F6EC95F6-8E7A-4182-9ECD-2F4666533F99}.Release|x64.ActiveCfg = Release|Any CPU
		{F6EC95F6-8E7A-4182-9ECD-2F4666533F99}.Release|x64.Build.0 = Release|Any CPU
		{F6EC95F6-8E7A-4182-9ECD-2F4666533F99}.Release|x86.ActiveCfg = Release|Any CPU
		{F6EC95F6-8E7A-4182-9ECD-2F4666533F99}.Release|x86.Build.0 = Release|Any CPU
		{4FD1FF0B-50D7-4751-B2E0-27BE47E08B4C}.Debug|Any CPU.ActiveCfg = Debug|Any CPU
		{4FD1FF0B-50D7-4751-B2E0-27BE47E08B4C}.Debug|Any CPU.Build.0 = Debug|Any CPU
		{4FD1FF0B-50D7-4751-B2E0-27BE47E08B4C}.Debug|x64.ActiveCfg = Debug|Any CPU
		{4FD1FF0B-50D7-4751-B2E0-27BE47E08B4C}.Debug|x64.Build.0 = Debug|Any CPU
		{4FD1FF0B-50D7-4751-B2E0-27BE47E08B4C}.Debug|x86.ActiveCfg = Debug|Any CPU
		{4FD1FF0B-50D7-4751-B2E0-27BE47E08B4C}.Debug|x86.Build.0 = Debug|Any CPU
		{4FD1FF0B-50D7-4751-B2E0-27BE47E08B4C}.Release|Any CPU.ActiveCfg = Release|Any CPU
		{4FD1FF0B-50D7-4751-B2E0-27BE47E08B4C}.Release|Any CPU.Build.0 = Release|Any CPU
		{4FD1FF0B-50D7-4751-B2E0-27BE47E08B4C}.Release|x64.ActiveCfg = Release|Any CPU
		{4FD1FF0B-50D7-4751-B2E0-27BE47E08B4C}.Release|x64.Build.0 = Release|Any CPU
		{4FD1FF0B-50D7-4751-B2E0-27BE47E08B4C}.Release|x86.ActiveCfg = Release|Any CPU
		{4FD1FF0B-50D7-4751-B2E0-27BE47E08B4C}.Release|x86.Build.0 = Release|Any CPU
		{0A9C0AC4-487A-4B7E-9C41-D6DD2A33A069}.Debug|Any CPU.ActiveCfg = Debug|Any CPU
		{0A9C0AC4-487A-4B7E-9C41-D6DD2A33A069}.Debug|Any CPU.Build.0 = Debug|Any CPU
		{0A9C0AC4-487A-4B7E-9C41-D6DD2A33A069}.Debug|x64.ActiveCfg = Debug|Any CPU
		{0A9C0AC4-487A-4B7E-9C41-D6DD2A33A069}.Debug|x64.Build.0 = Debug|Any CPU
		{0A9C0AC4-487A-4B7E-9C41-D6DD2A33A069}.Debug|x86.ActiveCfg = Debug|Any CPU
		{0A9C0AC4-487A-4B7E-9C41-D6DD2A33A069}.Debug|x86.Build.0 = Debug|Any CPU
		{0A9C0AC4-487A-4B7E-9C41-D6DD2A33A069}.Release|Any CPU.ActiveCfg = Release|Any CPU
		{0A9C0AC4-487A-4B7E-9C41-D6DD2A33A069}.Release|Any CPU.Build.0 = Release|Any CPU
		{0A9C0AC4-487A-4B7E-9C41-D6DD2A33A069}.Release|x64.ActiveCfg = Release|Any CPU
		{0A9C0AC4-487A-4B7E-9C41-D6DD2A33A069}.Release|x64.Build.0 = Release|Any CPU
		{0A9C0AC4-487A-4B7E-9C41-D6DD2A33A069}.Release|x86.ActiveCfg = Release|Any CPU
		{0A9C0AC4-487A-4B7E-9C41-D6DD2A33A069}.Release|x86.Build.0 = Release|Any CPU
		{EEEB8CB9-D732-4C95-B676-D00840ED0039}.Debug|Any CPU.ActiveCfg = Debug|Any CPU
		{EEEB8CB9-D732-4C95-B676-D00840ED0039}.Debug|Any CPU.Build.0 = Debug|Any CPU
		{EEEB8CB9-D732-4C95-B676-D00840ED0039}.Debug|x64.ActiveCfg = Debug|Any CPU
		{EEEB8CB9-D732-4C95-B676-D00840ED0039}.Debug|x64.Build.0 = Debug|Any CPU
		{EEEB8CB9-D732-4C95-B676-D00840ED0039}.Debug|x86.ActiveCfg = Debug|Any CPU
		{EEEB8CB9-D732-4C95-B676-D00840ED0039}.Debug|x86.Build.0 = Debug|Any CPU
		{EEEB8CB9-D732-4C95-B676-D00840ED0039}.Release|Any CPU.ActiveCfg = Release|Any CPU
		{EEEB8CB9-D732-4C95-B676-D00840ED0039}.Release|Any CPU.Build.0 = Release|Any CPU
		{EEEB8CB9-D732-4C95-B676-D00840ED0039}.Release|x64.ActiveCfg = Release|Any CPU
		{EEEB8CB9-D732-4C95-B676-D00840ED0039}.Release|x64.Build.0 = Release|Any CPU
		{EEEB8CB9-D732-4C95-B676-D00840ED0039}.Release|x86.ActiveCfg = Release|Any CPU
		{EEEB8CB9-D732-4C95-B676-D00840ED0039}.Release|x86.Build.0 = Release|Any CPU
		{E7CECBDC-5E41-4DD2-89FA-CB7B2183F327}.Debug|Any CPU.ActiveCfg = Debug|Any CPU
		{E7CECBDC-5E41-4DD2-89FA-CB7B2183F327}.Debug|Any CPU.Build.0 = Debug|Any CPU
		{E7CECBDC-5E41-4DD2-89FA-CB7B2183F327}.Debug|x64.ActiveCfg = Debug|Any CPU
		{E7CECBDC-5E41-4DD2-89FA-CB7B2183F327}.Debug|x64.Build.0 = Debug|Any CPU
		{E7CECBDC-5E41-4DD2-89FA-CB7B2183F327}.Debug|x86.ActiveCfg = Debug|Any CPU
		{E7CECBDC-5E41-4DD2-89FA-CB7B2183F327}.Debug|x86.Build.0 = Debug|Any CPU
		{E7CECBDC-5E41-4DD2-89FA-CB7B2183F327}.Release|Any CPU.ActiveCfg = Release|Any CPU
		{E7CECBDC-5E41-4DD2-89FA-CB7B2183F327}.Release|Any CPU.Build.0 = Release|Any CPU
		{E7CECBDC-5E41-4DD2-89FA-CB7B2183F327}.Release|x64.ActiveCfg = Release|Any CPU
		{E7CECBDC-5E41-4DD2-89FA-CB7B2183F327}.Release|x64.Build.0 = Release|Any CPU
		{E7CECBDC-5E41-4DD2-89FA-CB7B2183F327}.Release|x86.ActiveCfg = Release|Any CPU
		{E7CECBDC-5E41-4DD2-89FA-CB7B2183F327}.Release|x86.Build.0 = Release|Any CPU
		{56CBC114-7831-411F-9DF4-EE99F7D930ED}.Debug|Any CPU.ActiveCfg = Debug|Any CPU
		{56CBC114-7831-411F-9DF4-EE99F7D930ED}.Debug|Any CPU.Build.0 = Debug|Any CPU
		{56CBC114-7831-411F-9DF4-EE99F7D930ED}.Debug|x64.ActiveCfg = Debug|Any CPU
		{56CBC114-7831-411F-9DF4-EE99F7D930ED}.Debug|x64.Build.0 = Debug|Any CPU
		{56CBC114-7831-411F-9DF4-EE99F7D930ED}.Debug|x86.ActiveCfg = Debug|Any CPU
		{56CBC114-7831-411F-9DF4-EE99F7D930ED}.Debug|x86.Build.0 = Debug|Any CPU
		{56CBC114-7831-411F-9DF4-EE99F7D930ED}.Release|Any CPU.ActiveCfg = Release|Any CPU
		{56CBC114-7831-411F-9DF4-EE99F7D930ED}.Release|Any CPU.Build.0 = Release|Any CPU
		{56CBC114-7831-411F-9DF4-EE99F7D930ED}.Release|x64.ActiveCfg = Release|Any CPU
		{56CBC114-7831-411F-9DF4-EE99F7D930ED}.Release|x64.Build.0 = Release|Any CPU
		{56CBC114-7831-411F-9DF4-EE99F7D930ED}.Release|x86.ActiveCfg = Release|Any CPU
		{56CBC114-7831-411F-9DF4-EE99F7D930ED}.Release|x86.Build.0 = Release|Any CPU
		{BA49C8EF-1053-4A0F-8174-F3BA3CC45431}.Debug|Any CPU.ActiveCfg = Debug|Any CPU
		{BA49C8EF-1053-4A0F-8174-F3BA3CC45431}.Debug|Any CPU.Build.0 = Debug|Any CPU
		{BA49C8EF-1053-4A0F-8174-F3BA3CC45431}.Debug|x64.ActiveCfg = Debug|Any CPU
		{BA49C8EF-1053-4A0F-8174-F3BA3CC45431}.Debug|x64.Build.0 = Debug|Any CPU
		{BA49C8EF-1053-4A0F-8174-F3BA3CC45431}.Debug|x86.ActiveCfg = Debug|Any CPU
		{BA49C8EF-1053-4A0F-8174-F3BA3CC45431}.Debug|x86.Build.0 = Debug|Any CPU
		{BA49C8EF-1053-4A0F-8174-F3BA3CC45431}.Release|Any CPU.ActiveCfg = Release|Any CPU
		{BA49C8EF-1053-4A0F-8174-F3BA3CC45431}.Release|Any CPU.Build.0 = Release|Any CPU
		{BA49C8EF-1053-4A0F-8174-F3BA3CC45431}.Release|x64.ActiveCfg = Release|Any CPU
		{BA49C8EF-1053-4A0F-8174-F3BA3CC45431}.Release|x64.Build.0 = Release|Any CPU
		{BA49C8EF-1053-4A0F-8174-F3BA3CC45431}.Release|x86.ActiveCfg = Release|Any CPU
		{BA49C8EF-1053-4A0F-8174-F3BA3CC45431}.Release|x86.Build.0 = Release|Any CPU
		{41FB2514-D976-4888-B292-F5A47CFC248B}.Debug|Any CPU.ActiveCfg = Debug|Any CPU
		{41FB2514-D976-4888-B292-F5A47CFC248B}.Debug|Any CPU.Build.0 = Debug|Any CPU
		{41FB2514-D976-4888-B292-F5A47CFC248B}.Debug|x64.ActiveCfg = Debug|Any CPU
		{41FB2514-D976-4888-B292-F5A47CFC248B}.Debug|x64.Build.0 = Debug|Any CPU
		{41FB2514-D976-4888-B292-F5A47CFC248B}.Debug|x86.ActiveCfg = Debug|Any CPU
		{41FB2514-D976-4888-B292-F5A47CFC248B}.Debug|x86.Build.0 = Debug|Any CPU
		{41FB2514-D976-4888-B292-F5A47CFC248B}.Release|Any CPU.ActiveCfg = Release|Any CPU
		{41FB2514-D976-4888-B292-F5A47CFC248B}.Release|Any CPU.Build.0 = Release|Any CPU
		{41FB2514-D976-4888-B292-F5A47CFC248B}.Release|x64.ActiveCfg = Release|Any CPU
		{41FB2514-D976-4888-B292-F5A47CFC248B}.Release|x64.Build.0 = Release|Any CPU
		{41FB2514-D976-4888-B292-F5A47CFC248B}.Release|x86.ActiveCfg = Release|Any CPU
		{41FB2514-D976-4888-B292-F5A47CFC248B}.Release|x86.Build.0 = Release|Any CPU
		{996DC219-61BF-4B4A-888E-0CD0FB4A65BB}.Debug|Any CPU.ActiveCfg = Debug|Any CPU
		{996DC219-61BF-4B4A-888E-0CD0FB4A65BB}.Debug|Any CPU.Build.0 = Debug|Any CPU
		{996DC219-61BF-4B4A-888E-0CD0FB4A65BB}.Debug|x64.ActiveCfg = Debug|Any CPU
		{996DC219-61BF-4B4A-888E-0CD0FB4A65BB}.Debug|x64.Build.0 = Debug|Any CPU
		{996DC219-61BF-4B4A-888E-0CD0FB4A65BB}.Debug|x86.ActiveCfg = Debug|Any CPU
		{996DC219-61BF-4B4A-888E-0CD0FB4A65BB}.Debug|x86.Build.0 = Debug|Any CPU
		{996DC219-61BF-4B4A-888E-0CD0FB4A65BB}.Release|Any CPU.ActiveCfg = Release|Any CPU
		{996DC219-61BF-4B4A-888E-0CD0FB4A65BB}.Release|Any CPU.Build.0 = Release|Any CPU
		{996DC219-61BF-4B4A-888E-0CD0FB4A65BB}.Release|x64.ActiveCfg = Release|Any CPU
		{996DC219-61BF-4B4A-888E-0CD0FB4A65BB}.Release|x64.Build.0 = Release|Any CPU
		{996DC219-61BF-4B4A-888E-0CD0FB4A65BB}.Release|x86.ActiveCfg = Release|Any CPU
		{996DC219-61BF-4B4A-888E-0CD0FB4A65BB}.Release|x86.Build.0 = Release|Any CPU
		{EB4F0D9F-2E3D-4A09-ADB9-D49CDFFF2133}.Debug|Any CPU.ActiveCfg = Debug|Any CPU
		{EB4F0D9F-2E3D-4A09-ADB9-D49CDFFF2133}.Debug|Any CPU.Build.0 = Debug|Any CPU
		{EB4F0D9F-2E3D-4A09-ADB9-D49CDFFF2133}.Debug|x64.ActiveCfg = Debug|Any CPU
		{EB4F0D9F-2E3D-4A09-ADB9-D49CDFFF2133}.Debug|x64.Build.0 = Debug|Any CPU
		{EB4F0D9F-2E3D-4A09-ADB9-D49CDFFF2133}.Debug|x86.ActiveCfg = Debug|Any CPU
		{EB4F0D9F-2E3D-4A09-ADB9-D49CDFFF2133}.Debug|x86.Build.0 = Debug|Any CPU
		{EB4F0D9F-2E3D-4A09-ADB9-D49CDFFF2133}.Release|Any CPU.ActiveCfg = Release|Any CPU
		{EB4F0D9F-2E3D-4A09-ADB9-D49CDFFF2133}.Release|Any CPU.Build.0 = Release|Any CPU
		{EB4F0D9F-2E3D-4A09-ADB9-D49CDFFF2133}.Release|x64.ActiveCfg = Release|Any CPU
		{EB4F0D9F-2E3D-4A09-ADB9-D49CDFFF2133}.Release|x64.Build.0 = Release|Any CPU
		{EB4F0D9F-2E3D-4A09-ADB9-D49CDFFF2133}.Release|x86.ActiveCfg = Release|Any CPU
		{EB4F0D9F-2E3D-4A09-ADB9-D49CDFFF2133}.Release|x86.Build.0 = Release|Any CPU
		{332584AF-C4FB-4257-85AB-0E9D46E9D1E1}.Debug|Any CPU.ActiveCfg = Debug|Any CPU
		{332584AF-C4FB-4257-85AB-0E9D46E9D1E1}.Debug|Any CPU.Build.0 = Debug|Any CPU
		{332584AF-C4FB-4257-85AB-0E9D46E9D1E1}.Debug|x64.ActiveCfg = Debug|Any CPU
		{332584AF-C4FB-4257-85AB-0E9D46E9D1E1}.Debug|x64.Build.0 = Debug|Any CPU
		{332584AF-C4FB-4257-85AB-0E9D46E9D1E1}.Debug|x86.ActiveCfg = Debug|Any CPU
		{332584AF-C4FB-4257-85AB-0E9D46E9D1E1}.Debug|x86.Build.0 = Debug|Any CPU
		{332584AF-C4FB-4257-85AB-0E9D46E9D1E1}.Release|Any CPU.ActiveCfg = Release|Any CPU
		{332584AF-C4FB-4257-85AB-0E9D46E9D1E1}.Release|Any CPU.Build.0 = Release|Any CPU
		{332584AF-C4FB-4257-85AB-0E9D46E9D1E1}.Release|x64.ActiveCfg = Release|Any CPU
		{332584AF-C4FB-4257-85AB-0E9D46E9D1E1}.Release|x64.Build.0 = Release|Any CPU
		{332584AF-C4FB-4257-85AB-0E9D46E9D1E1}.Release|x86.ActiveCfg = Release|Any CPU
		{332584AF-C4FB-4257-85AB-0E9D46E9D1E1}.Release|x86.Build.0 = Release|Any CPU
		{1719CFBA-ECD2-415D-B081-6C492EC867CC}.Debug|Any CPU.ActiveCfg = Debug|Any CPU
		{1719CFBA-ECD2-415D-B081-6C492EC867CC}.Debug|Any CPU.Build.0 = Debug|Any CPU
		{1719CFBA-ECD2-415D-B081-6C492EC867CC}.Debug|x64.ActiveCfg = Debug|Any CPU
		{1719CFBA-ECD2-415D-B081-6C492EC867CC}.Debug|x64.Build.0 = Debug|Any CPU
		{1719CFBA-ECD2-415D-B081-6C492EC867CC}.Debug|x86.ActiveCfg = Debug|Any CPU
		{1719CFBA-ECD2-415D-B081-6C492EC867CC}.Debug|x86.Build.0 = Debug|Any CPU
		{1719CFBA-ECD2-415D-B081-6C492EC867CC}.Release|Any CPU.ActiveCfg = Release|Any CPU
		{1719CFBA-ECD2-415D-B081-6C492EC867CC}.Release|Any CPU.Build.0 = Release|Any CPU
		{1719CFBA-ECD2-415D-B081-6C492EC867CC}.Release|x64.ActiveCfg = Release|Any CPU
		{1719CFBA-ECD2-415D-B081-6C492EC867CC}.Release|x64.Build.0 = Release|Any CPU
		{1719CFBA-ECD2-415D-B081-6C492EC867CC}.Release|x86.ActiveCfg = Release|Any CPU
		{1719CFBA-ECD2-415D-B081-6C492EC867CC}.Release|x86.Build.0 = Release|Any CPU
		{ADEEF266-7CBC-4C37-8AE6-7158EDCB1F7C}.Debug|Any CPU.ActiveCfg = Debug|Any CPU
		{ADEEF266-7CBC-4C37-8AE6-7158EDCB1F7C}.Debug|Any CPU.Build.0 = Debug|Any CPU
		{ADEEF266-7CBC-4C37-8AE6-7158EDCB1F7C}.Debug|x64.ActiveCfg = Debug|Any CPU
		{ADEEF266-7CBC-4C37-8AE6-7158EDCB1F7C}.Debug|x64.Build.0 = Debug|Any CPU
		{ADEEF266-7CBC-4C37-8AE6-7158EDCB1F7C}.Debug|x86.ActiveCfg = Debug|Any CPU
		{ADEEF266-7CBC-4C37-8AE6-7158EDCB1F7C}.Debug|x86.Build.0 = Debug|Any CPU
		{ADEEF266-7CBC-4C37-8AE6-7158EDCB1F7C}.Release|Any CPU.ActiveCfg = Release|Any CPU
		{ADEEF266-7CBC-4C37-8AE6-7158EDCB1F7C}.Release|Any CPU.Build.0 = Release|Any CPU
		{ADEEF266-7CBC-4C37-8AE6-7158EDCB1F7C}.Release|x64.ActiveCfg = Release|Any CPU
		{ADEEF266-7CBC-4C37-8AE6-7158EDCB1F7C}.Release|x64.Build.0 = Release|Any CPU
		{ADEEF266-7CBC-4C37-8AE6-7158EDCB1F7C}.Release|x86.ActiveCfg = Release|Any CPU
		{ADEEF266-7CBC-4C37-8AE6-7158EDCB1F7C}.Release|x86.Build.0 = Release|Any CPU
		{0D3468B2-59FF-4A94-A027-0D74CFD4F2E4}.Debug|Any CPU.ActiveCfg = Debug|Any CPU
		{0D3468B2-59FF-4A94-A027-0D74CFD4F2E4}.Debug|Any CPU.Build.0 = Debug|Any CPU
		{0D3468B2-59FF-4A94-A027-0D74CFD4F2E4}.Debug|x64.ActiveCfg = Debug|Any CPU
		{0D3468B2-59FF-4A94-A027-0D74CFD4F2E4}.Debug|x64.Build.0 = Debug|Any CPU
		{0D3468B2-59FF-4A94-A027-0D74CFD4F2E4}.Debug|x86.ActiveCfg = Debug|Any CPU
		{0D3468B2-59FF-4A94-A027-0D74CFD4F2E4}.Debug|x86.Build.0 = Debug|Any CPU
		{0D3468B2-59FF-4A94-A027-0D74CFD4F2E4}.Release|Any CPU.ActiveCfg = Release|Any CPU
		{0D3468B2-59FF-4A94-A027-0D74CFD4F2E4}.Release|Any CPU.Build.0 = Release|Any CPU
		{0D3468B2-59FF-4A94-A027-0D74CFD4F2E4}.Release|x64.ActiveCfg = Release|Any CPU
		{0D3468B2-59FF-4A94-A027-0D74CFD4F2E4}.Release|x64.Build.0 = Release|Any CPU
		{0D3468B2-59FF-4A94-A027-0D74CFD4F2E4}.Release|x86.ActiveCfg = Release|Any CPU
		{0D3468B2-59FF-4A94-A027-0D74CFD4F2E4}.Release|x86.Build.0 = Release|Any CPU
		{5C637455-664E-4DFE-96EB-829EBFF5B3F3}.Debug|Any CPU.ActiveCfg = Debug|Any CPU
		{5C637455-664E-4DFE-96EB-829EBFF5B3F3}.Debug|Any CPU.Build.0 = Debug|Any CPU
		{5C637455-664E-4DFE-96EB-829EBFF5B3F3}.Debug|x64.ActiveCfg = Debug|Any CPU
		{5C637455-664E-4DFE-96EB-829EBFF5B3F3}.Debug|x64.Build.0 = Debug|Any CPU
		{5C637455-664E-4DFE-96EB-829EBFF5B3F3}.Debug|x86.ActiveCfg = Debug|Any CPU
		{5C637455-664E-4DFE-96EB-829EBFF5B3F3}.Debug|x86.Build.0 = Debug|Any CPU
		{5C637455-664E-4DFE-96EB-829EBFF5B3F3}.Release|Any CPU.ActiveCfg = Release|Any CPU
		{5C637455-664E-4DFE-96EB-829EBFF5B3F3}.Release|Any CPU.Build.0 = Release|Any CPU
		{5C637455-664E-4DFE-96EB-829EBFF5B3F3}.Release|x64.ActiveCfg = Release|Any CPU
		{5C637455-664E-4DFE-96EB-829EBFF5B3F3}.Release|x64.Build.0 = Release|Any CPU
		{5C637455-664E-4DFE-96EB-829EBFF5B3F3}.Release|x86.ActiveCfg = Release|Any CPU
		{5C637455-664E-4DFE-96EB-829EBFF5B3F3}.Release|x86.Build.0 = Release|Any CPU
		{FE9281CC-BF0D-4447-A458-53F1EA4D4F35}.Debug|Any CPU.ActiveCfg = Debug|Any CPU
		{FE9281CC-BF0D-4447-A458-53F1EA4D4F35}.Debug|Any CPU.Build.0 = Debug|Any CPU
		{FE9281CC-BF0D-4447-A458-53F1EA4D4F35}.Debug|x64.ActiveCfg = Debug|Any CPU
		{FE9281CC-BF0D-4447-A458-53F1EA4D4F35}.Debug|x64.Build.0 = Debug|Any CPU
		{FE9281CC-BF0D-4447-A458-53F1EA4D4F35}.Debug|x86.ActiveCfg = Debug|Any CPU
		{FE9281CC-BF0D-4447-A458-53F1EA4D4F35}.Debug|x86.Build.0 = Debug|Any CPU
		{FE9281CC-BF0D-4447-A458-53F1EA4D4F35}.Release|Any CPU.ActiveCfg = Release|Any CPU
		{FE9281CC-BF0D-4447-A458-53F1EA4D4F35}.Release|Any CPU.Build.0 = Release|Any CPU
		{FE9281CC-BF0D-4447-A458-53F1EA4D4F35}.Release|x64.ActiveCfg = Release|Any CPU
		{FE9281CC-BF0D-4447-A458-53F1EA4D4F35}.Release|x64.Build.0 = Release|Any CPU
		{FE9281CC-BF0D-4447-A458-53F1EA4D4F35}.Release|x86.ActiveCfg = Release|Any CPU
		{FE9281CC-BF0D-4447-A458-53F1EA4D4F35}.Release|x86.Build.0 = Release|Any CPU
		{6505F79D-D42B-4755-8E9A-F5384FC74E37}.Debug|Any CPU.ActiveCfg = Debug|Any CPU
		{6505F79D-D42B-4755-8E9A-F5384FC74E37}.Debug|Any CPU.Build.0 = Debug|Any CPU
		{6505F79D-D42B-4755-8E9A-F5384FC74E37}.Debug|x64.ActiveCfg = Debug|Any CPU
		{6505F79D-D42B-4755-8E9A-F5384FC74E37}.Debug|x64.Build.0 = Debug|Any CPU
		{6505F79D-D42B-4755-8E9A-F5384FC74E37}.Debug|x86.ActiveCfg = Debug|Any CPU
		{6505F79D-D42B-4755-8E9A-F5384FC74E37}.Debug|x86.Build.0 = Debug|Any CPU
		{6505F79D-D42B-4755-8E9A-F5384FC74E37}.Release|Any CPU.ActiveCfg = Release|Any CPU
		{6505F79D-D42B-4755-8E9A-F5384FC74E37}.Release|Any CPU.Build.0 = Release|Any CPU
		{6505F79D-D42B-4755-8E9A-F5384FC74E37}.Release|x64.ActiveCfg = Release|Any CPU
		{6505F79D-D42B-4755-8E9A-F5384FC74E37}.Release|x64.Build.0 = Release|Any CPU
		{6505F79D-D42B-4755-8E9A-F5384FC74E37}.Release|x86.ActiveCfg = Release|Any CPU
		{6505F79D-D42B-4755-8E9A-F5384FC74E37}.Release|x86.Build.0 = Release|Any CPU
		{988688B6-7EB7-42B9-9C36-CC6F44CF34CC}.Debug|Any CPU.ActiveCfg = Debug|Any CPU
		{988688B6-7EB7-42B9-9C36-CC6F44CF34CC}.Debug|Any CPU.Build.0 = Debug|Any CPU
		{988688B6-7EB7-42B9-9C36-CC6F44CF34CC}.Debug|x64.ActiveCfg = Debug|Any CPU
		{988688B6-7EB7-42B9-9C36-CC6F44CF34CC}.Debug|x64.Build.0 = Debug|Any CPU
		{988688B6-7EB7-42B9-9C36-CC6F44CF34CC}.Debug|x86.ActiveCfg = Debug|Any CPU
		{988688B6-7EB7-42B9-9C36-CC6F44CF34CC}.Debug|x86.Build.0 = Debug|Any CPU
		{988688B6-7EB7-42B9-9C36-CC6F44CF34CC}.Release|Any CPU.ActiveCfg = Release|Any CPU
		{988688B6-7EB7-42B9-9C36-CC6F44CF34CC}.Release|Any CPU.Build.0 = Release|Any CPU
		{988688B6-7EB7-42B9-9C36-CC6F44CF34CC}.Release|x64.ActiveCfg = Release|Any CPU
		{988688B6-7EB7-42B9-9C36-CC6F44CF34CC}.Release|x64.Build.0 = Release|Any CPU
		{988688B6-7EB7-42B9-9C36-CC6F44CF34CC}.Release|x86.ActiveCfg = Release|Any CPU
		{988688B6-7EB7-42B9-9C36-CC6F44CF34CC}.Release|x86.Build.0 = Release|Any CPU
		{7F9AE2E8-F275-4935-861F-D81AD0D02F9F}.Debug|Any CPU.ActiveCfg = Debug|Any CPU
		{7F9AE2E8-F275-4935-861F-D81AD0D02F9F}.Debug|Any CPU.Build.0 = Debug|Any CPU
		{7F9AE2E8-F275-4935-861F-D81AD0D02F9F}.Debug|x64.ActiveCfg = Debug|Any CPU
		{7F9AE2E8-F275-4935-861F-D81AD0D02F9F}.Debug|x64.Build.0 = Debug|Any CPU
		{7F9AE2E8-F275-4935-861F-D81AD0D02F9F}.Debug|x86.ActiveCfg = Debug|Any CPU
		{7F9AE2E8-F275-4935-861F-D81AD0D02F9F}.Debug|x86.Build.0 = Debug|Any CPU
		{7F9AE2E8-F275-4935-861F-D81AD0D02F9F}.Release|Any CPU.ActiveCfg = Release|Any CPU
		{7F9AE2E8-F275-4935-861F-D81AD0D02F9F}.Release|Any CPU.Build.0 = Release|Any CPU
		{7F9AE2E8-F275-4935-861F-D81AD0D02F9F}.Release|x64.ActiveCfg = Release|Any CPU
		{7F9AE2E8-F275-4935-861F-D81AD0D02F9F}.Release|x64.Build.0 = Release|Any CPU
		{7F9AE2E8-F275-4935-861F-D81AD0D02F9F}.Release|x86.ActiveCfg = Release|Any CPU
		{7F9AE2E8-F275-4935-861F-D81AD0D02F9F}.Release|x86.Build.0 = Release|Any CPU
		{57B4D6D8-9BB2-4713-A093-3887EB1F4F88}.Debug|Any CPU.ActiveCfg = Debug|Any CPU
		{57B4D6D8-9BB2-4713-A093-3887EB1F4F88}.Debug|Any CPU.Build.0 = Debug|Any CPU
		{57B4D6D8-9BB2-4713-A093-3887EB1F4F88}.Debug|x64.ActiveCfg = Debug|Any CPU
		{57B4D6D8-9BB2-4713-A093-3887EB1F4F88}.Debug|x64.Build.0 = Debug|Any CPU
		{57B4D6D8-9BB2-4713-A093-3887EB1F4F88}.Debug|x86.ActiveCfg = Debug|Any CPU
		{57B4D6D8-9BB2-4713-A093-3887EB1F4F88}.Debug|x86.Build.0 = Debug|Any CPU
		{57B4D6D8-9BB2-4713-A093-3887EB1F4F88}.Release|Any CPU.ActiveCfg = Release|Any CPU
		{57B4D6D8-9BB2-4713-A093-3887EB1F4F88}.Release|Any CPU.Build.0 = Release|Any CPU
		{57B4D6D8-9BB2-4713-A093-3887EB1F4F88}.Release|x64.ActiveCfg = Release|Any CPU
		{57B4D6D8-9BB2-4713-A093-3887EB1F4F88}.Release|x64.Build.0 = Release|Any CPU
		{57B4D6D8-9BB2-4713-A093-3887EB1F4F88}.Release|x86.ActiveCfg = Release|Any CPU
		{57B4D6D8-9BB2-4713-A093-3887EB1F4F88}.Release|x86.Build.0 = Release|Any CPU
		{C7246A18-C7B2-4DDA-9076-FFC485B4410D}.Debug|Any CPU.ActiveCfg = Debug|Any CPU
		{C7246A18-C7B2-4DDA-9076-FFC485B4410D}.Debug|Any CPU.Build.0 = Debug|Any CPU
		{C7246A18-C7B2-4DDA-9076-FFC485B4410D}.Debug|x64.ActiveCfg = Debug|Any CPU
		{C7246A18-C7B2-4DDA-9076-FFC485B4410D}.Debug|x64.Build.0 = Debug|Any CPU
		{C7246A18-C7B2-4DDA-9076-FFC485B4410D}.Debug|x86.ActiveCfg = Debug|Any CPU
		{C7246A18-C7B2-4DDA-9076-FFC485B4410D}.Debug|x86.Build.0 = Debug|Any CPU
		{C7246A18-C7B2-4DDA-9076-FFC485B4410D}.Release|Any CPU.ActiveCfg = Release|Any CPU
		{C7246A18-C7B2-4DDA-9076-FFC485B4410D}.Release|Any CPU.Build.0 = Release|Any CPU
		{C7246A18-C7B2-4DDA-9076-FFC485B4410D}.Release|x64.ActiveCfg = Release|Any CPU
		{C7246A18-C7B2-4DDA-9076-FFC485B4410D}.Release|x64.Build.0 = Release|Any CPU
		{C7246A18-C7B2-4DDA-9076-FFC485B4410D}.Release|x86.ActiveCfg = Release|Any CPU
		{C7246A18-C7B2-4DDA-9076-FFC485B4410D}.Release|x86.Build.0 = Release|Any CPU
		{CAED2E74-7F68-4C9C-AA96-A9C8B6DEE161}.Debug|Any CPU.ActiveCfg = Debug|Any CPU
		{CAED2E74-7F68-4C9C-AA96-A9C8B6DEE161}.Debug|Any CPU.Build.0 = Debug|Any CPU
		{CAED2E74-7F68-4C9C-AA96-A9C8B6DEE161}.Debug|x64.ActiveCfg = Debug|Any CPU
		{CAED2E74-7F68-4C9C-AA96-A9C8B6DEE161}.Debug|x64.Build.0 = Debug|Any CPU
		{CAED2E74-7F68-4C9C-AA96-A9C8B6DEE161}.Debug|x86.ActiveCfg = Debug|Any CPU
		{CAED2E74-7F68-4C9C-AA96-A9C8B6DEE161}.Debug|x86.Build.0 = Debug|Any CPU
		{CAED2E74-7F68-4C9C-AA96-A9C8B6DEE161}.Release|Any CPU.ActiveCfg = Release|Any CPU
		{CAED2E74-7F68-4C9C-AA96-A9C8B6DEE161}.Release|Any CPU.Build.0 = Release|Any CPU
		{CAED2E74-7F68-4C9C-AA96-A9C8B6DEE161}.Release|x64.ActiveCfg = Release|Any CPU
		{CAED2E74-7F68-4C9C-AA96-A9C8B6DEE161}.Release|x64.Build.0 = Release|Any CPU
		{CAED2E74-7F68-4C9C-AA96-A9C8B6DEE161}.Release|x86.ActiveCfg = Release|Any CPU
		{CAED2E74-7F68-4C9C-AA96-A9C8B6DEE161}.Release|x86.Build.0 = Release|Any CPU
		{69A30C0F-8B9C-4890-92AB-8445CA4380E9}.Debug|Any CPU.ActiveCfg = Debug|Any CPU
		{69A30C0F-8B9C-4890-92AB-8445CA4380E9}.Debug|Any CPU.Build.0 = Debug|Any CPU
		{69A30C0F-8B9C-4890-92AB-8445CA4380E9}.Debug|x64.ActiveCfg = Debug|Any CPU
		{69A30C0F-8B9C-4890-92AB-8445CA4380E9}.Debug|x64.Build.0 = Debug|Any CPU
		{69A30C0F-8B9C-4890-92AB-8445CA4380E9}.Debug|x86.ActiveCfg = Debug|Any CPU
		{69A30C0F-8B9C-4890-92AB-8445CA4380E9}.Debug|x86.Build.0 = Debug|Any CPU
		{69A30C0F-8B9C-4890-92AB-8445CA4380E9}.Release|Any CPU.ActiveCfg = Release|Any CPU
		{69A30C0F-8B9C-4890-92AB-8445CA4380E9}.Release|Any CPU.Build.0 = Release|Any CPU
		{69A30C0F-8B9C-4890-92AB-8445CA4380E9}.Release|x64.ActiveCfg = Release|Any CPU
		{69A30C0F-8B9C-4890-92AB-8445CA4380E9}.Release|x64.Build.0 = Release|Any CPU
		{69A30C0F-8B9C-4890-92AB-8445CA4380E9}.Release|x86.ActiveCfg = Release|Any CPU
		{69A30C0F-8B9C-4890-92AB-8445CA4380E9}.Release|x86.Build.0 = Release|Any CPU
		{16CBA88B-046D-46B5-B08D-DFD17B005064}.Debug|Any CPU.ActiveCfg = Debug|Any CPU
		{16CBA88B-046D-46B5-B08D-DFD17B005064}.Debug|Any CPU.Build.0 = Debug|Any CPU
		{16CBA88B-046D-46B5-B08D-DFD17B005064}.Debug|x64.ActiveCfg = Debug|Any CPU
		{16CBA88B-046D-46B5-B08D-DFD17B005064}.Debug|x64.Build.0 = Debug|Any CPU
		{16CBA88B-046D-46B5-B08D-DFD17B005064}.Debug|x86.ActiveCfg = Debug|Any CPU
		{16CBA88B-046D-46B5-B08D-DFD17B005064}.Debug|x86.Build.0 = Debug|Any CPU
		{16CBA88B-046D-46B5-B08D-DFD17B005064}.Release|Any CPU.ActiveCfg = Release|Any CPU
		{16CBA88B-046D-46B5-B08D-DFD17B005064}.Release|Any CPU.Build.0 = Release|Any CPU
		{16CBA88B-046D-46B5-B08D-DFD17B005064}.Release|x64.ActiveCfg = Release|Any CPU
		{16CBA88B-046D-46B5-B08D-DFD17B005064}.Release|x64.Build.0 = Release|Any CPU
		{16CBA88B-046D-46B5-B08D-DFD17B005064}.Release|x86.ActiveCfg = Release|Any CPU
		{16CBA88B-046D-46B5-B08D-DFD17B005064}.Release|x86.Build.0 = Release|Any CPU
		{385A0EAC-7740-4391-A922-16DD268CFDFA}.Debug|Any CPU.ActiveCfg = Debug|Any CPU
		{385A0EAC-7740-4391-A922-16DD268CFDFA}.Debug|Any CPU.Build.0 = Debug|Any CPU
		{385A0EAC-7740-4391-A922-16DD268CFDFA}.Debug|x64.ActiveCfg = Debug|Any CPU
		{385A0EAC-7740-4391-A922-16DD268CFDFA}.Debug|x64.Build.0 = Debug|Any CPU
		{385A0EAC-7740-4391-A922-16DD268CFDFA}.Debug|x86.ActiveCfg = Debug|Any CPU
		{385A0EAC-7740-4391-A922-16DD268CFDFA}.Debug|x86.Build.0 = Debug|Any CPU
		{385A0EAC-7740-4391-A922-16DD268CFDFA}.Release|Any CPU.ActiveCfg = Release|Any CPU
		{385A0EAC-7740-4391-A922-16DD268CFDFA}.Release|Any CPU.Build.0 = Release|Any CPU
		{385A0EAC-7740-4391-A922-16DD268CFDFA}.Release|x64.ActiveCfg = Release|Any CPU
		{385A0EAC-7740-4391-A922-16DD268CFDFA}.Release|x64.Build.0 = Release|Any CPU
		{385A0EAC-7740-4391-A922-16DD268CFDFA}.Release|x86.ActiveCfg = Release|Any CPU
		{385A0EAC-7740-4391-A922-16DD268CFDFA}.Release|x86.Build.0 = Release|Any CPU
		{42103BD5-0BE0-4B2A-9E15-55D0F812418F}.Debug|Any CPU.ActiveCfg = Debug|Any CPU
		{42103BD5-0BE0-4B2A-9E15-55D0F812418F}.Debug|Any CPU.Build.0 = Debug|Any CPU
		{42103BD5-0BE0-4B2A-9E15-55D0F812418F}.Debug|x64.ActiveCfg = Debug|Any CPU
		{42103BD5-0BE0-4B2A-9E15-55D0F812418F}.Debug|x64.Build.0 = Debug|Any CPU
		{42103BD5-0BE0-4B2A-9E15-55D0F812418F}.Debug|x86.ActiveCfg = Debug|Any CPU
		{42103BD5-0BE0-4B2A-9E15-55D0F812418F}.Debug|x86.Build.0 = Debug|Any CPU
		{42103BD5-0BE0-4B2A-9E15-55D0F812418F}.Release|Any CPU.ActiveCfg = Release|Any CPU
		{42103BD5-0BE0-4B2A-9E15-55D0F812418F}.Release|Any CPU.Build.0 = Release|Any CPU
		{42103BD5-0BE0-4B2A-9E15-55D0F812418F}.Release|x64.ActiveCfg = Release|Any CPU
		{42103BD5-0BE0-4B2A-9E15-55D0F812418F}.Release|x64.Build.0 = Release|Any CPU
		{42103BD5-0BE0-4B2A-9E15-55D0F812418F}.Release|x86.ActiveCfg = Release|Any CPU
		{42103BD5-0BE0-4B2A-9E15-55D0F812418F}.Release|x86.Build.0 = Release|Any CPU
		{3AFA771B-74C3-472C-BCC2-85CF2F842CD7}.Debug|Any CPU.ActiveCfg = Debug|Any CPU
		{3AFA771B-74C3-472C-BCC2-85CF2F842CD7}.Debug|Any CPU.Build.0 = Debug|Any CPU
		{3AFA771B-74C3-472C-BCC2-85CF2F842CD7}.Debug|x64.ActiveCfg = Debug|Any CPU
		{3AFA771B-74C3-472C-BCC2-85CF2F842CD7}.Debug|x64.Build.0 = Debug|Any CPU
		{3AFA771B-74C3-472C-BCC2-85CF2F842CD7}.Debug|x86.ActiveCfg = Debug|Any CPU
		{3AFA771B-74C3-472C-BCC2-85CF2F842CD7}.Debug|x86.Build.0 = Debug|Any CPU
		{3AFA771B-74C3-472C-BCC2-85CF2F842CD7}.Release|Any CPU.ActiveCfg = Release|Any CPU
		{3AFA771B-74C3-472C-BCC2-85CF2F842CD7}.Release|Any CPU.Build.0 = Release|Any CPU
		{3AFA771B-74C3-472C-BCC2-85CF2F842CD7}.Release|x64.ActiveCfg = Release|Any CPU
		{3AFA771B-74C3-472C-BCC2-85CF2F842CD7}.Release|x64.Build.0 = Release|Any CPU
		{3AFA771B-74C3-472C-BCC2-85CF2F842CD7}.Release|x86.ActiveCfg = Release|Any CPU
		{3AFA771B-74C3-472C-BCC2-85CF2F842CD7}.Release|x86.Build.0 = Release|Any CPU
		{52AED47F-83B3-4F4E-9840-AB5AAA9351CE}.Debug|Any CPU.ActiveCfg = Debug|Any CPU
		{52AED47F-83B3-4F4E-9840-AB5AAA9351CE}.Debug|Any CPU.Build.0 = Debug|Any CPU
		{52AED47F-83B3-4F4E-9840-AB5AAA9351CE}.Debug|x64.ActiveCfg = Debug|Any CPU
		{52AED47F-83B3-4F4E-9840-AB5AAA9351CE}.Debug|x64.Build.0 = Debug|Any CPU
		{52AED47F-83B3-4F4E-9840-AB5AAA9351CE}.Debug|x86.ActiveCfg = Debug|Any CPU
		{52AED47F-83B3-4F4E-9840-AB5AAA9351CE}.Debug|x86.Build.0 = Debug|Any CPU
		{52AED47F-83B3-4F4E-9840-AB5AAA9351CE}.Release|Any CPU.ActiveCfg = Release|Any CPU
		{52AED47F-83B3-4F4E-9840-AB5AAA9351CE}.Release|Any CPU.Build.0 = Release|Any CPU
		{52AED47F-83B3-4F4E-9840-AB5AAA9351CE}.Release|x64.ActiveCfg = Release|Any CPU
		{52AED47F-83B3-4F4E-9840-AB5AAA9351CE}.Release|x64.Build.0 = Release|Any CPU
		{52AED47F-83B3-4F4E-9840-AB5AAA9351CE}.Release|x86.ActiveCfg = Release|Any CPU
		{52AED47F-83B3-4F4E-9840-AB5AAA9351CE}.Release|x86.Build.0 = Release|Any CPU
		{80DF93DF-A83C-4B19-B27D-31AE69814370}.Debug|Any CPU.ActiveCfg = Debug|Any CPU
		{80DF93DF-A83C-4B19-B27D-31AE69814370}.Debug|Any CPU.Build.0 = Debug|Any CPU
		{80DF93DF-A83C-4B19-B27D-31AE69814370}.Debug|x64.ActiveCfg = Debug|Any CPU
		{80DF93DF-A83C-4B19-B27D-31AE69814370}.Debug|x64.Build.0 = Debug|Any CPU
		{80DF93DF-A83C-4B19-B27D-31AE69814370}.Debug|x86.ActiveCfg = Debug|Any CPU
		{80DF93DF-A83C-4B19-B27D-31AE69814370}.Debug|x86.Build.0 = Debug|Any CPU
		{80DF93DF-A83C-4B19-B27D-31AE69814370}.Release|Any CPU.ActiveCfg = Release|Any CPU
		{80DF93DF-A83C-4B19-B27D-31AE69814370}.Release|Any CPU.Build.0 = Release|Any CPU
		{80DF93DF-A83C-4B19-B27D-31AE69814370}.Release|x64.ActiveCfg = Release|Any CPU
		{80DF93DF-A83C-4B19-B27D-31AE69814370}.Release|x64.Build.0 = Release|Any CPU
		{80DF93DF-A83C-4B19-B27D-31AE69814370}.Release|x86.ActiveCfg = Release|Any CPU
		{80DF93DF-A83C-4B19-B27D-31AE69814370}.Release|x86.Build.0 = Release|Any CPU
		{F5CF71DB-25CC-465B-B05E-858FDE70A710}.Debug|Any CPU.ActiveCfg = Debug|Any CPU
		{F5CF71DB-25CC-465B-B05E-858FDE70A710}.Debug|Any CPU.Build.0 = Debug|Any CPU
		{F5CF71DB-25CC-465B-B05E-858FDE70A710}.Debug|x64.ActiveCfg = Debug|Any CPU
		{F5CF71DB-25CC-465B-B05E-858FDE70A710}.Debug|x64.Build.0 = Debug|Any CPU
		{F5CF71DB-25CC-465B-B05E-858FDE70A710}.Debug|x86.ActiveCfg = Debug|Any CPU
		{F5CF71DB-25CC-465B-B05E-858FDE70A710}.Debug|x86.Build.0 = Debug|Any CPU
		{F5CF71DB-25CC-465B-B05E-858FDE70A710}.Release|Any CPU.ActiveCfg = Release|Any CPU
		{F5CF71DB-25CC-465B-B05E-858FDE70A710}.Release|Any CPU.Build.0 = Release|Any CPU
		{F5CF71DB-25CC-465B-B05E-858FDE70A710}.Release|x64.ActiveCfg = Release|Any CPU
		{F5CF71DB-25CC-465B-B05E-858FDE70A710}.Release|x64.Build.0 = Release|Any CPU
		{F5CF71DB-25CC-465B-B05E-858FDE70A710}.Release|x86.ActiveCfg = Release|Any CPU
		{F5CF71DB-25CC-465B-B05E-858FDE70A710}.Release|x86.Build.0 = Release|Any CPU
		{47AFDED2-65A8-400A-BBE6-681ADADCC72A}.Debug|Any CPU.ActiveCfg = Debug|Any CPU
		{47AFDED2-65A8-400A-BBE6-681ADADCC72A}.Debug|Any CPU.Build.0 = Debug|Any CPU
		{47AFDED2-65A8-400A-BBE6-681ADADCC72A}.Debug|x64.ActiveCfg = Debug|Any CPU
		{47AFDED2-65A8-400A-BBE6-681ADADCC72A}.Debug|x64.Build.0 = Debug|Any CPU
		{47AFDED2-65A8-400A-BBE6-681ADADCC72A}.Debug|x86.ActiveCfg = Debug|Any CPU
		{47AFDED2-65A8-400A-BBE6-681ADADCC72A}.Debug|x86.Build.0 = Debug|Any CPU
		{47AFDED2-65A8-400A-BBE6-681ADADCC72A}.Release|Any CPU.ActiveCfg = Release|Any CPU
		{47AFDED2-65A8-400A-BBE6-681ADADCC72A}.Release|Any CPU.Build.0 = Release|Any CPU
		{47AFDED2-65A8-400A-BBE6-681ADADCC72A}.Release|x64.ActiveCfg = Release|Any CPU
		{47AFDED2-65A8-400A-BBE6-681ADADCC72A}.Release|x64.Build.0 = Release|Any CPU
		{47AFDED2-65A8-400A-BBE6-681ADADCC72A}.Release|x86.ActiveCfg = Release|Any CPU
		{47AFDED2-65A8-400A-BBE6-681ADADCC72A}.Release|x86.Build.0 = Release|Any CPU
		{35C201AC-18D0-4E04-BBE7-D40D384FCEDF}.Debug|Any CPU.ActiveCfg = Debug|Any CPU
		{35C201AC-18D0-4E04-BBE7-D40D384FCEDF}.Debug|Any CPU.Build.0 = Debug|Any CPU
		{35C201AC-18D0-4E04-BBE7-D40D384FCEDF}.Debug|x64.ActiveCfg = Debug|Any CPU
		{35C201AC-18D0-4E04-BBE7-D40D384FCEDF}.Debug|x64.Build.0 = Debug|Any CPU
		{35C201AC-18D0-4E04-BBE7-D40D384FCEDF}.Debug|x86.ActiveCfg = Debug|Any CPU
		{35C201AC-18D0-4E04-BBE7-D40D384FCEDF}.Debug|x86.Build.0 = Debug|Any CPU
		{35C201AC-18D0-4E04-BBE7-D40D384FCEDF}.Release|Any CPU.ActiveCfg = Release|Any CPU
		{35C201AC-18D0-4E04-BBE7-D40D384FCEDF}.Release|Any CPU.Build.0 = Release|Any CPU
		{35C201AC-18D0-4E04-BBE7-D40D384FCEDF}.Release|x64.ActiveCfg = Release|Any CPU
		{35C201AC-18D0-4E04-BBE7-D40D384FCEDF}.Release|x64.Build.0 = Release|Any CPU
		{35C201AC-18D0-4E04-BBE7-D40D384FCEDF}.Release|x86.ActiveCfg = Release|Any CPU
		{35C201AC-18D0-4E04-BBE7-D40D384FCEDF}.Release|x86.Build.0 = Release|Any CPU
	EndGlobalSection
	GlobalSection(SolutionProperties) = preSolution
		HideSolutionNode = FALSE
	EndGlobalSection
	GlobalSection(ExtensibilityGlobals) = postSolution
		SolutionGuid = {4AD6EE84-8726-45D9-84EC-2AA7BD4446D0}
	EndGlobalSection
EndGlobal
